
Microsoft Visual Studio Solution File, Format Version 12.00
# Visual Studio Version 16
VisualStudioVersion = 16.0.31829.152
MinimumVisualStudioVersion = 10.0.40219.1
Project("{FAE04EC0-301F-11D3-BF4B-00C04F79EFBC}") = "Change_ProxyServer", "Change_ProxyServer\Change_ProxyServer.csproj", "{75645548-D74D-4322-AA35-0F77FA5EE8A4}"
EndProject
Global
	GlobalSection(SolutionConfigurationPlatforms) = preSolution
		Debug|Any CPU = Debug|Any CPU
		Release|Any CPU = Release|Any CPU
	EndGlobalSection
	GlobalSection(ProjectConfigurationPlatforms) = postSolution
		{75645548-D74D-4322-AA35-0F77FA5EE8A4}.Debug|Any CPU.ActiveCfg = Debug|Any CPU
		{75645548-D74D-4322-AA35-0F77FA5EE8A4}.Debug|Any CPU.Build.0 = Debug|Any CPU
		{75645548-D74D-4322-AA35-0F77FA5EE8A4}.Release|Any CPU.ActiveCfg = Release|Any CPU
		{75645548-D74D-4322-AA35-0F77FA5EE8A4}.Release|Any CPU.Build.0 = Release|Any CPU
	EndGlobalSection
	GlobalSection(SolutionProperties) = preSolution
		HideSolutionNode = FALSE
	EndGlobalSection
	GlobalSection(ExtensibilityGlobals) = postSolution
		SolutionGuid = {51F0A56C-E67B-4829-8BA8-77BF33DC0099}
	EndGlobalSection
EndGlobal
